
Microsoft Visual Studio Solution File, Format Version 12.00
# Visual Studio Version 17
VisualStudioVersion = 17.2.32526.322
MinimumVisualStudioVersion = 10.0.40219.1
Project("{FAE04EC0-301F-11D3-BF4B-00C04F79EFBC}") = "Aula08_Classes", "Aula08_Classes.csproj", "{73804CDD-E92F-4912-83DC-022DA17A068C}"
EndProject
Global
	GlobalSection(SolutionConfigurationPlatforms) = preSolution
		Debug|Any CPU = Debug|Any CPU
		Release|Any CPU = Release|Any CPU
	EndGlobalSection
	GlobalSection(ProjectConfigurationPlatforms) = postSolution
		{73804CDD-E92F-4912-83DC-022DA17A068C}.Debug|Any CPU.ActiveCfg = Debug|Any CPU
		{73804CDD-E92F-4912-83DC-022DA17A068C}.Debug|Any CPU.Build.0 = Debug|Any CPU
		{73804CDD-E92F-4912-83DC-022DA17A068C}.Release|Any CPU.ActiveCfg = Release|Any CPU
		{73804CDD-E92F-4912-83DC-022DA17A068C}.Release|Any CPU.Build.0 = Release|Any CPU
	EndGlobalSection
	GlobalSection(SolutionProperties) = preSolution
		HideSolutionNode = FALSE
	EndGlobalSection
	GlobalSection(ExtensibilityGlobals) = postSolution
		SolutionGuid = {2B8508F7-205C-462C-A72B-E1427321FE7E}
	EndGlobalSection
EndGlobal
